[[package]]
category = "main"
description = "A small Python module for determining appropriate platform-specific dirs, e.g. a \"user data dir\"."
name = "appdirs"
optional = false
python-versions = "*"
version = "1.4.4"

[[package]]
category = "main"
description = "Python package for providing Mozilla's CA Bundle."
name = "certifi"
optional = false
python-versions = "*"
version = "2020.6.20"

[[package]]
category = "main"
description = "Universal encoding detector for Python 2 and 3"
name = "chardet"
optional = false
python-versions = "*"
version = "3.0.4"

[[package]]
category = "main"
description = "The Cython compiler for writing C extensions for the Python language."
name = "cython"
optional = false
python-versions = ">=2.6, !=3.0.*, !=3.1.*, !=3.2.*"
version = "0.29.21"

[[package]]
category = "main"
description = "Docutils -- Python Documentation Utilities"
name = "docutils"
optional = false
python-versions = ">=2.7, !=3.0.*, !=3.1.*, !=3.2.*, !=3.3.*, !=3.4.*"
version = "0.16"

[[package]]
category = "main"
description = "Internationalized Domain Names in Applications (IDNA)"
name = "idna"
optional = false
python-versions = ">=2.7, !=3.0.*, !=3.1.*, !=3.2.*, !=3.3.*"
version = "2.10"

[[package]]
category = "main"
description = "A software library for rapid development of hardware-accelerated multitouch applications."
name = "kivy"
optional = false
python-versions = "*"
version = "1.11.1"

[package.dependencies]
Kivy-Garden = ">=0.1.4"
docutils = "*"
pygments = "*"

[package.extras]
tuio = ["oscpy"]

[[package]]
category = "main"
description = "Garden tool for kivy flowers."
name = "kivy-garden"
optional = false
python-versions = "*"
version = "0.1.4"

[package.dependencies]
requests = "*"

[[package]]
category = "main"
description = "Core utilities for Python packages"
name = "packaging"
optional = false
python-versions = ">=2.7, !=3.0.*, !=3.1.*, !=3.2.*, !=3.3.*"
version = "20.4"

[package.dependencies]
pyparsing = ">=2.0.2"
six = "*"

[[package]]
category = "main"
description = "Python Imaging Library (Fork)"
name = "pillow"
optional = false
python-versions = ">=3.6"
version = "8.0.1"

[[package]]
category = "main"
description = "Pygments is a syntax highlighting package written in Python."
name = "pygments"
optional = false
python-versions = ">=3.5"
version = "2.7.2"

[[package]]
category = "main"
description = "Python parsing module"
name = "pyparsing"
optional = false
python-versions = ">=2.6, !=3.0.*, !=3.1.*, !=3.2.*"
version = "2.4.7"

[[package]]
category = "main"
description = "Python Serial Port Extension"
name = "pyserial"
optional = false
python-versions = "*"
version = "3.4"

[[package]]
category = "main"
description = "Python HTTP for Humans."
name = "requests"
optional = false
python-versions = ">=2.7, !=3.0.*, !=3.1.*, !=3.2.*, !=3.3.*, !=3.4.*"
version = "2.24.0"

[package.dependencies]
certifi = ">=2017.4.17"
chardet = ">=3.0.2,<4"
idna = ">=2.5,<3"
urllib3 = ">=1.21.1,<1.25.0 || >1.25.0,<1.25.1 || >1.25.1,<1.26"

[package.extras]
security = ["pyOpenSSL (>=0.14)", "cryptography (>=1.3.4)"]
socks = ["PySocks (>=1.5.6,<1.5.7 || >1.5.7)", "win-inet-pton"]

[[package]]
category = "main"
description = "Python 2 and 3 compatibility utilities"
name = "six"
optional = false
python-versions = ">=2.7, !=3.0.*, !=3.1.*, !=3.2.*"
version = "1.15.0"

[[package]]
category = "main"
description = "HTTP library with thread-safe connection pooling, file post, and more."
name = "urllib3"
optional = false
python-versions = ">=2.7, !=3.0.*, !=3.1.*, !=3.2.*, !=3.3.*, !=3.4.*, <4"
version = "1.25.11"

[package.extras]
brotli = ["brotlipy (>=0.6.0)"]
secure = ["pyOpenSSL (>=0.14)", "cryptography (>=1.3.4)", "idna (>=2.0.0)", "certifi", "ipaddress"]
socks = ["PySocks (>=1.5.6,<1.5.7 || >1.5.7,<2.0)"]

[metadata]
content-hash = "25f5a4e5d57b97edfdac961e46400eff206f63f62625b409fefe3889d21d2970"
python-versions = "^3.7"

[metadata.files]
appdirs = [
    {file = "appdirs-1.4.4-py2.py3-none-any.whl", hash = "sha256:a841dacd6b99318a741b166adb07e19ee71a274450e68237b4650ca1055ab128"},
    {file = "appdirs-1.4.4.tar.gz", hash = "sha256:7d5d0167b2b1ba821647616af46a749d1c653740dd0d2415100fe26e27afdf41"},
]
certifi = [
    {file = "certifi-2020.6.20-py2.py3-none-any.whl", hash = "sha256:8fc0819f1f30ba15bdb34cceffb9ef04d99f420f68eb75d901e9560b8749fc41"},
    {file = "certifi-2020.6.20.tar.gz", hash = "sha256:5930595817496dd21bb8dc35dad090f1c2cd0adfaf21204bf6732ca5d8ee34d3"},
]
chardet = [
    {file = "chardet-3.0.4-py2.py3-none-any.whl", hash = "sha256:fc323ffcaeaed0e0a02bf4d117757b98aed530d9ed4531e3e15460124c106691"},
    {file = "chardet-3.0.4.tar.gz", hash = "sha256:84ab92ed1c4d4f16916e05906b6b75a6c0fb5db821cc65e70cbd64a3e2a5eaae"},
]
cython = [
    {file = "Cython-0.29.21-cp27-cp27m-macosx_10_9_x86_64.whl", hash = "sha256:c541b2b49c6638f2b5beb9316726db84a8d1c132bf31b942dae1f9c7f6ad3b92"},
    {file = "Cython-0.29.21-cp27-cp27m-manylinux1_i686.whl", hash = "sha256:b8d8497091c1dc8705d1575c71e908a93b1f127a174b2d472020f3d84263ac28"},
    {file = "Cython-0.29.21-cp27-cp27m-manylinux1_x86_64.whl", hash = "sha256:695a6bcaf9e12b1e471dfce96bbecf22a1487adc2ac6106b15960a2b51b97f5d"},
    {file = "Cython-0.29.21-cp27-cp27m-win32.whl", hash = "sha256:171b9f70ceafcec5852089d0f9c1e75b0d554f46c882cd4e2e4acaba9bd7d148"},
    {file = "Cython-0.29.21-cp27-cp27m-win_amd64.whl", hash = "sha256:539e59949aab4955c143a468810123bf22d3e8556421e1ce2531ed4893914ca0"},
    {file = "Cython-0.29.21-cp27-cp27mu-manylinux1_i686.whl", hash = "sha256:e93acd1f603a0c1786e0841f066ae7cef014cf4750e3cd06fd03cfdf46361419"},
    {file = "Cython-0.29.21-cp27-cp27mu-manylinux1_x86_64.whl", hash = "sha256:2922e3031ba9ebbe7cb9200b585cc33b71d66023d78450dcb883f824f4969371"},
    {file = "Cython-0.29.21-cp34-cp34m-manylinux1_i686.whl", hash = "sha256:497841897942f734b0abc2dead2d4009795ee992267a70a23485fd0e937edc0b"},
    {file = "Cython-0.29.21-cp34-cp34m-manylinux1_x86_64.whl", hash = "sha256:0ac10bf476476a9f7ef61ec6e44c280ef434473124ad31d3132b720f7b0e8d2a"},
    {file = "Cython-0.29.21-cp34-cp34m-win32.whl", hash = "sha256:31c71a615f38401b0dc1f2a5a9a6c421ffd8908c4cd5bbedc4014c1b876488e8"},
    {file = "Cython-0.29.21-cp34-cp34m-win_amd64.whl", hash = "sha256:c4b78356074fcaac04ecb4de289f11d506e438859877670992ece11f9c90f37b"},
    {file = "Cython-0.29.21-cp35-cp35m-macosx_10_6_intel.whl", hash = "sha256:b2f9172e4d6358f33ecce6a4339b5960f9f83eab67ea244baa812737793826b7"},
    {file = "Cython-0.29.21-cp35-cp35m-manylinux1_i686.whl", hash = "sha256:856c7fb31d247ce713d60116375e1f8153d0291ab5e92cca7d8833a524ba9991"},
    {file = "Cython-0.29.21-cp35-cp35m-manylinux1_x86_64.whl", hash = "sha256:715294cd2246b39a8edca464a8366eb635f17213e4a6b9e74e52d8b877a8cb63"},
    {file = "Cython-0.29.21-cp35-cp35m-win32.whl", hash = "sha256:23f3a00b843a19de8bb4468b087db5b413a903213f67188729782488d67040e0"},
    {file = "Cython-0.29.21-cp35-cp35m-win_amd64.whl", hash = "sha256:ccb77faeaad99e99c6c444d04862c6cf604204fe0a07d4c8f9cbf2c9012d7d5a"},
    {file = "Cython-0.29.21-cp36-cp36m-macosx_10_9_x86_64.whl", hash = "sha256:e272ed97d20b026f4f25a012b25d7d7672a60e4f72b9ca385239d693cd91b2d5"},
    {file = "Cython-0.29.21-cp36-cp36m-manylinux1_i686.whl", hash = "sha256:8c6e25e9cc4961bb2abb1777c6fa9d0fa2d9b014beb3276cebe69996ff162b78"},
    {file = "Cython-0.29.21-cp36-cp36m-manylinux1_x86_64.whl", hash = "sha256:57ead89128dee9609119c93d3926c7a2add451453063147900408a50144598c6"},
    {file = "Cython-0.29.21-cp36-cp36m-win32.whl", hash = "sha256:0e25c209c75df8785480dcef85db3d36c165dbc0f4c503168e8763eb735704f2"},
    {file = "Cython-0.29.21-cp36-cp36m-win_amd64.whl", hash = "sha256:a0674f246ad5e1571ef29d4c5ec1d6ecabe9e6c424ad0d6fee46b914d5d24d69"},
    {file = "Cython-0.29.21-cp37-cp37m-macosx_10_9_x86_64.whl", hash = "sha256:5da187bebe38030325e1c0b5b8a804d489410be2d384c0ef3ba39493c67eb51e"},
    {file = "Cython-0.29.21-cp37-cp37m-manylinux1_i686.whl", hash = "sha256:9ce5e5209f8406ffc2b058b1293cce7a954911bb7991e623564d489197c9ba30"},
    {file = "Cython-0.29.21-cp37-cp37m-manylinux1_x86_64.whl", hash = "sha256:5e545a48f919e40079b0efe7b0e081c74b96f9ef25b9c1ff4cdbd95764426b58"},
    {file = "Cython-0.29.21-cp37-cp37m-win32.whl", hash = "sha256:c8435959321cf8aec867bbad54b83b7fb8343204b530d85d9ea7a1f5329d5ac2"},
    {file = "Cython-0.29.21-cp37-cp37m-win_amd64.whl", hash = "sha256:540b3bee0711aac2e99bda4fa0a46dbcd8c74941666bfc1ef9236b1a64eeffd9"},
    {file = "Cython-0.29.21-cp38-cp38-macosx_10_9_x86_64.whl", hash = "sha256:93f5fed1c9445fb7afe20450cdaf94b0e0356d47cc75008105be89c6a2e417b1"},
    {file = "Cython-0.29.21-cp38-cp38-manylinux1_i686.whl", hash = "sha256:9207fdedc7e789a3dcaca628176b80c82fbed9ae0997210738cbb12536a56699"},
    {file = "Cython-0.29.21-cp38-cp38-manylinux1_x86_64.whl", hash = "sha256:603b9f1b8e93e8b494d3e89320c410679e21018e48b6cbc77280f5db71f17dc0"},
    {file = "Cython-0.29.21-cp38-cp38-win32.whl", hash = "sha256:473df5d5e400444a36ed81c6596f56a5b52a3481312d0a48d68b777790f730ae"},
    {file = "Cython-0.29.21-cp38-cp38-win_amd64.whl", hash = "sha256:b8a8a31b9e8860634adbca30fea1d0c7f08e208b3d7611f3e580e5f20992e5d7"},
    {file = "Cython-0.29.21-cp39-cp39-manylinux1_i686.whl", hash = "sha256:7ebaa8800c376bcdae596fb1372cb4232a5ef957619d35839520d2786f2debb9"},
    {file = "Cython-0.29.21-cp39-cp39-manylinux1_x86_64.whl", hash = "sha256:c111ac9abdf715762e4fb87395e59d61c0fbb6ce79eb2e24167700b6cfa8ba79"},
    {file = "Cython-0.29.21-py2.py3-none-any.whl", hash = "sha256:5c4276fdcbccdf1e3c1756c7aeb8395e9a36874fa4d30860e7694f43d325ae13"},
    {file = "Cython-0.29.21.tar.gz", hash = "sha256:e57acb89bd55943c8d8bf813763d20b9099cc7165c0f16b707631a7654be9cad"},
]
docutils = [
    {file = "docutils-0.16-py2.py3-none-any.whl", hash = "sha256:0c5b78adfbf7762415433f5515cd5c9e762339e23369dbe8000d84a4bf4ab3af"},
    {file = "docutils-0.16.tar.gz", hash = "sha256:c2de3a60e9e7d07be26b7f2b00ca0309c207e06c100f9cc2a94931fc75a478fc"},
]
idna = [
    {file = "idna-2.10-py2.py3-none-any.whl", hash = "sha256:b97d804b1e9b523befed77c48dacec60e6dcb0b5391d57af6a65a312a90648c0"},
    {file = "idna-2.10.tar.gz", hash = "sha256:b307872f855b18632ce0c21c5e45be78c0ea7ae4c15c828c20788b26921eb3f6"},
]
kivy = [
    {file = "Kivy-1.11.1-cp27-cp27m-macosx_10_6_intel.macosx_10_9_intel.macosx_10_9_x86_64.macosx_10_10_intel.macosx_10_10_x86_64.whl", hash = "sha256:11e85eaf6efbfa2362a3334ffdad179a1b0ca8d255cca79eaa6a2765560d4982"},
    {file = "Kivy-1.11.1-cp27-cp27m-win32.whl", hash = "sha256:5c3d0f2749522d62e9cce09cd54b2d823bf1b6b644ff1f627be49de6f3e3cba0"},
    {file = "Kivy-1.11.1-cp27-cp27m-win_amd64.whl", hash = "sha256:f835462dd9aa491272552ef079b948a088598e2e95d68bb1d885d2c3f3d4e2c3"},
    {file = "Kivy-1.11.1-cp35-cp35m-macosx_10_6_intel.macosx_10_9_intel.macosx_10_9_x86_64.macosx_10_10_intel.macosx_10_10_x86_64.whl", hash = "sha256:090d3ded9835a17477cd93fbdaf0a7c42ff2218981cf198ded5ad8795bc74391"},
    {file = "Kivy-1.11.1-cp35-cp35m-manylinux2010_x86_64.whl", hash = "sha256:b85ccf165050cbf2ee8447671eebbc222b369b40f0e0038dd9547d49a5e37373"},
    {file = "Kivy-1.11.1-cp35-cp35m-win32.whl", hash = "sha256:4a5480cbf837d3780c77a4f61b32b56d22ae9f03845e7a89dd3eaef1ae5fd037"},
    {file = "Kivy-1.11.1-cp35-cp35m-win_amd64.whl", hash = "sha256:a687602d90c4629dd036f577ca39acb76ba581370f9d915f3cab99be818ba8ad"},
    {file = "Kivy-1.11.1-cp36-cp36m-macosx_10_6_intel.macosx_10_9_intel.macosx_10_9_x86_64.macosx_10_10_intel.macosx_10_10_x86_64.whl", hash = "sha256:c36652caa7f6c327dee834cfc699d5962d346b7a53e54bd81abc17c314226d89"},
    {file = "Kivy-1.11.1-cp36-cp36m-manylinux2010_x86_64.whl", hash = "sha256:b7ef6aad43a86d8df3fb865db864e354f2155a748019f8517f69f65c1a29cb64"},
    {file = "Kivy-1.11.1-cp36-cp36m-win32.whl", hash = "sha256:f3bea6e4a21991827885d04127fc6d09a0e974ecfa12da7bf5faae93562ea102"},
    {file = "Kivy-1.11.1-cp36-cp36m-win_amd64.whl", hash = "sha256:ece170514db3f49844a41e4c910ad9ce9bc46da6f47a49158e11266bdcc6e479"},
    {file = "Kivy-1.11.1-cp37-cp37m-macosx_10_6_intel.macosx_10_9_intel.macosx_10_9_x86_64.macosx_10_10_intel.macosx_10_10_x86_64.whl", hash = "sha256:8819a27a09871af451760cb69486ced52e830c8a0a37480f22ef5e692f12c05b"},
    {file = "Kivy-1.11.1-cp37-cp37m-manylinux2010_x86_64.whl", hash = "sha256:1a1ff32f8a95f1e175198cbab81fcd2596783b180d4eafe63e87d171aa7fdb5e"},
    {file = "Kivy-1.11.1-cp37-cp37m-win32.whl", hash = "sha256:815a5c0b3b72fcd81ca7b2aa0744087163ed03e4cf9ab4e7c9733cea99fc1571"},
    {file = "Kivy-1.11.1-cp37-cp37m-win_amd64.whl", hash = "sha256:1d28b198a64c30db8d94a0488e85f3037af60d514ab0d7ad5ab45add3ab77090"},
    {file = "Kivy-1.11.1.tar.gz", hash = "sha256:4d0e596f74271e901b551f77661dde238df4765484fce9f5d1c72e8022984e84"},
]
kivy-garden = [
    {file = "Kivy Garden-0.1.4.tar.gz", hash = "sha256:9b7d9de5efacbcd0c4b3dd873b30622a86093c9965aa47b523c7a32f3eb34610"},
    {file = "kivy-garden-0.1.4.tar.gz", hash = "sha256:c256f42788421273a08fbb0a228f0fb0e80dd86b629fb8c0920507f645be6c72"},
]
packaging = [
    {file = "packaging-20.4-py2.py3-none-any.whl", hash = "sha256:998416ba6962ae7fbd6596850b80e17859a5753ba17c32284f67bfff33784181"},
    {file = "packaging-20.4.tar.gz", hash = "sha256:4357f74f47b9c12db93624a82154e9b120fa8293699949152b22065d556079f8"},
]
pillow = [
    {file = "Pillow-8.0.1-cp36-cp36m-macosx_10_10_x86_64.whl", hash = "sha256:b63d4ff734263ae4ce6593798bcfee6dbfb00523c82753a3a03cbc05555a9cc3"},
    {file = "Pillow-8.0.1-cp36-cp36m-manylinux1_i686.whl", hash = "sha256:5f9403af9c790cc18411ea398a6950ee2def2a830ad0cfe6dc9122e6d528b302"},
    {file = "Pillow-8.0.1-cp36-cp36m-manylinux1_x86_64.whl", hash = "sha256:6b4a8fd632b4ebee28282a9fef4c341835a1aa8671e2770b6f89adc8e8c2703c"},
    {file = "Pillow-8.0.1-cp36-cp36m-manylinux2014_aarch64.whl", hash = "sha256:cc3ea6b23954da84dbee8025c616040d9aa5eaf34ea6895a0a762ee9d3e12e11"},
    {file = "Pillow-8.0.1-cp36-cp36m-win32.whl", hash = "sha256:d8a96747df78cda35980905bf26e72960cba6d355ace4780d4bdde3b217cdf1e"},
    {file = "Pillow-8.0.1-cp36-cp36m-win_amd64.whl", hash = "sha256:7ba0ba61252ab23052e642abdb17fd08fdcfdbbf3b74c969a30c58ac1ade7cd3"},
    {file = "Pillow-8.0.1-cp37-cp37m-macosx_10_10_x86_64.whl", hash = "sha256:795e91a60f291e75de2e20e6bdd67770f793c8605b553cb6e4387ce0cb302e09"},
    {file = "Pillow-8.0.1-cp37-cp37m-manylinux1_i686.whl", hash = "sha256:0a2e8d03787ec7ad71dc18aec9367c946ef8ef50e1e78c71f743bc3a770f9fae"},
    {file = "Pillow-8.0.1-cp37-cp37m-manylinux1_x86_64.whl", hash = "sha256:006de60d7580d81f4a1a7e9f0173dc90a932e3905cc4d47ea909bc946302311a"},
    {file = "Pillow-8.0.1-cp37-cp37m-manylinux2014_aarch64.whl", hash = "sha256:bd7bf289e05470b1bc74889d1466d9ad4a56d201f24397557b6f65c24a6844b8"},
    {file = "Pillow-8.0.1-cp37-cp37m-win32.whl", hash = "sha256:95edb1ed513e68bddc2aee3de66ceaf743590bf16c023fb9977adc4be15bd3f0"},
    {file = "Pillow-8.0.1-cp37-cp37m-win_amd64.whl", hash = "sha256:e38d58d9138ef972fceb7aeec4be02e3f01d383723965bfcef14d174c8ccd039"},
    {file = "Pillow-8.0.1-cp38-cp38-macosx_10_10_x86_64.whl", hash = "sha256:d3d07c86d4efa1facdf32aa878bd508c0dc4f87c48125cc16b937baa4e5b5e11"},
    {file = "Pillow-8.0.1-cp38-cp38-manylinux1_i686.whl", hash = "sha256:fbd922f702582cb0d71ef94442bfca57624352622d75e3be7a1e7e9360b07e72"},
    {file = "Pillow-8.0.1-cp38-cp38-manylinux1_x86_64.whl", hash = "sha256:92c882b70a40c79de9f5294dc99390671e07fc0b0113d472cbea3fde15db1792"},
    {file = "Pillow-8.0.1-cp38-cp38-manylinux2014_aarch64.whl", hash = "sha256:7c9401e68730d6c4245b8e361d3d13e1035cbc94db86b49dc7da8bec235d0015"},
    {file = "Pillow-8.0.1-cp38-cp38-win32.whl", hash = "sha256:6c1aca8231625115104a06e4389fcd9ec88f0c9befbabd80dc206c35561be271"},
    {file = "Pillow-8.0.1-cp38-cp38-win_amd64.whl", hash = "sha256:cc9ec588c6ef3a1325fa032ec14d97b7309db493782ea8c304666fb10c3bd9a7"},
    {file = "Pillow-8.0.1-cp39-cp39-macosx_10_10_x86_64.whl", hash = "sha256:eb472586374dc66b31e36e14720747595c2b265ae962987261f044e5cce644b5"},
    {file = "Pillow-8.0.1-cp39-cp39-manylinux1_i686.whl", hash = "sha256:0eeeae397e5a79dc088d8297a4c2c6f901f8fb30db47795113a4a605d0f1e5ce"},
    {file = "Pillow-8.0.1-cp39-cp39-manylinux1_x86_64.whl", hash = "sha256:81f812d8f5e8a09b246515fac141e9d10113229bc33ea073fec11403b016bcf3"},
    {file = "Pillow-8.0.1-cp39-cp39-manylinux2014_aarch64.whl", hash = "sha256:895d54c0ddc78a478c80f9c438579ac15f3e27bf442c2a9aa74d41d0e4d12544"},
    {file = "Pillow-8.0.1-cp39-cp39-win32.whl", hash = "sha256:2fb113757a369a6cdb189f8df3226e995acfed0a8919a72416626af1a0a71140"},
    {file = "Pillow-8.0.1-cp39-cp39-win_amd64.whl", hash = "sha256:59e903ca800c8cfd1ebe482349ec7c35687b95e98cefae213e271c8c7fffa021"},
    {file = "Pillow-8.0.1-pp36-pypy36_pp73-macosx_10_10_x86_64.whl", hash = "sha256:5abd653a23c35d980b332bc0431d39663b1709d64142e3652890df4c9b6970f6"},
    {file = "Pillow-8.0.1-pp36-pypy36_pp73-manylinux2010_x86_64.whl", hash = "sha256:4b0ef2470c4979e345e4e0cc1bbac65fda11d0d7b789dbac035e4c6ce3f98adb"},
    {file = "Pillow-8.0.1-pp37-pypy37_pp73-win32.whl", hash = "sha256:8de332053707c80963b589b22f8e0229f1be1f3ca862a932c1bcd48dafb18dd8"},
    {file = "Pillow-8.0.1.tar.gz", hash = "sha256:11c5c6e9b02c9dac08af04f093eb5a2f84857df70a7d4a6a6ad461aca803fb9e"},
]
pygments = [
    {file = "Pygments-2.7.2-py3-none-any.whl", hash = "sha256:88a0bbcd659fcb9573703957c6b9cff9fab7295e6e76db54c9d00ae42df32773"},
    {file = "Pygments-2.7.2.tar.gz", hash = "sha256:381985fcc551eb9d37c52088a32914e00517e57f4a21609f48141ba08e193fa0"},
]
pyparsing = [
    {file = "pyparsing-2.4.7-py2.py3-none-any.whl", hash = "sha256:ef9d7589ef3c200abe66653d3f1ab1033c3c419ae9b9bdb1240a85b024efc88b"},
    {file = "pyparsing-2.4.7.tar.gz", hash = "sha256:c203ec8783bf771a155b207279b9bccb8dea02d8f0c9e5f8ead507bc3246ecc1"},
]
pyserial = [
    {file = "pyserial-3.4-py2.py3-none-any.whl", hash = "sha256:e0770fadba80c31013896c7e6ef703f72e7834965954a78e71a3049488d4d7d8"},
    {file = "pyserial-3.4.tar.gz", hash = "sha256:6e2d401fdee0eab996cf734e67773a0143b932772ca8b42451440cfed942c627"},
]
requests = [
    {file = "requests-2.24.0-py2.py3-none-any.whl", hash = "sha256:fe75cc94a9443b9246fc7049224f75604b113c36acb93f87b80ed42c44cbb898"},
    {file = "requests-2.24.0.tar.gz", hash = "sha256:b3559a131db72c33ee969480840fff4bb6dd111de7dd27c8ee1f820f4f00231b"},
]
six = [
    {file = "six-1.15.0-py2.py3-none-any.whl", hash = "sha256:8b74bedcbbbaca38ff6d7491d76f2b06b3592611af620f8426e82dddb04a5ced"},
    {file = "six-1.15.0.tar.gz", hash = "sha256:30639c035cdb23534cd4aa2dd52c3bf48f06e5f4a941509c8bafd8ce11080259"},
]
urllib3 = [
    {file = "urllib3-1.25.11-py2.py3-none-any.whl", hash = "sha256:f5321fbe4bf3fefa0efd0bfe7fb14e90909eb62a48ccda331726b4319897dd5e"},
    {file = "urllib3-1.25.11.tar.gz", hash = "sha256:8d7eaa5a82a1cac232164990f04874c594c9453ec55eef02eab885aa02fc17a2"},
]
